{
  "version": "5",
  "specifiers": {
    "npm:sql.js@1.12.0": "1.12.0"
  },
  "npm": {
    "sql.js@1.12.0": {
      "integrity": "sha512-Bi+43yMx/tUFZVYD4AUscmdL6NHn3gYQ+CM+YheFWLftOmrEC/Mz6Yh7E96Y2WDHYz3COSqT+LP6Z79zgrwJlA=="
    }
  },
  "workspace": {
    "dependencies": [
      "npm:sql.js@1.12.0"
    ]
  }
}
